lockfileVersion: '9.0'

settings:
  autoInstallPeers: true
  excludeLinksFromLockfile: false

importers:

  .:
    devDependencies:
      ajv:
        specifier: ^8.17.1
        version: 8.18.0
      ajv-formats:
        specifier: ^3.0.1
        version: 3.0.1(ajv@8.18.0)
      ioredis:
        specifier: ^5
        version: 5.10.1

  apps/web-editor:
    dependencies:
      '@geny/exporter-core':
        specifier: workspace:*
        version: link:../../packages/exporter-core
      '@geny/web-avatar':
        specifier: workspace:*
        version: link:../../packages/web-avatar
    devDependencies:
      happy-dom:
        specifier: ^15.11.7
        version: 15.11.7

  apps/web-preview:
    dependencies:
      '@geny/exporter-core':
        specifier: workspace:*
        version: link:../../packages/exporter-core
      '@geny/web-avatar':
        specifier: workspace:*
        version: link:../../packages/web-avatar
    devDependencies:
      happy-dom:
        specifier: ^15.11.7
        version: 15.11.7

  packages/ai-adapter-core:
    devDependencies:
      '@types/node':
        specifier: ^20.11.30
        version: 20.19.39
      typescript:
        specifier: ^5.6.3
        version: 5.9.3

  packages/ai-adapter-nano-banana:
    dependencies:
      '@geny/ai-adapter-core':
        specifier: workspace:*
        version: link:../ai-adapter-core
    devDependencies:
      '@geny/license-verifier':
        specifier: workspace:*
        version: link:../license-verifier
      '@types/node':
        specifier: ^20.11.30
        version: 20.19.39
      typescript:
        specifier: ^5.6.3
        version: 5.9.3

  packages/exporter-core:
    devDependencies:
      '@types/node':
        specifier: ^20.11.30
        version: 20.19.39
      typescript:
        specifier: ^5.6.3
        version: 5.9.3

  packages/license-verifier:
    devDependencies:
      '@types/node':
        specifier: ^20.11.30
        version: 20.19.39
      typescript:
        specifier: ^5.6.3
        version: 5.9.3

  packages/metrics-http:
    dependencies:
      '@geny/ai-adapter-core':
        specifier: workspace:*
        version: link:../ai-adapter-core
    devDependencies:
      '@types/node':
        specifier: ^20.11.30
        version: 20.19.39
      typescript:
        specifier: ^5.6.3
        version: 5.9.3

  packages/post-processing:
    devDependencies:
      '@types/node':
        specifier: ^20.11.30
        version: 20.19.39
      typescript:
        specifier: ^5.6.3
        version: 5.9.3

  packages/web-avatar:
    devDependencies:
      '@types/node':
        specifier: ^20.11.30
        version: 20.19.39
      happy-dom:
        specifier: ^15.11.7
        version: 15.11.7
      typescript:
        specifier: ^5.6.3
        version: 5.9.3

  packages/web-avatar-renderer:
    devDependencies:
      '@types/node':
        specifier: ^20.11.30
        version: 20.19.39
      typescript:
        specifier: ^5.6.3
        version: 5.9.3

  packages/web-avatar-renderer-pixi:
    dependencies:
      '@geny/web-avatar-renderer':
        specifier: workspace:*
        version: link:../web-avatar-renderer
      pixi-live2d-display-advanced:
        specifier: 2.0.0-beta.2
        version: 2.0.0-beta.2(@pixi/sound@6.0.1(pixi.js@8.18.1))(pixi.js@8.18.1)
      pixi.js:
        specifier: ^8.18.1
        version: 8.18.1
    devDependencies:
      '@types/node':
        specifier: ^20.11.30
        version: 20.19.39
      typescript:
        specifier: ^5.6.3
        version: 5.9.3

  packages/web-editor-logic:
    devDependencies:
      '@types/node':
        specifier: ^20.11.30
        version: 20.19.39
      typescript:
        specifier: ^5.6.3
        version: 5.9.3

  packages/web-editor-renderer:
    dependencies:
      '@geny/web-avatar-renderer':
        specifier: workspace:*
        version: link:../web-avatar-renderer
    devDependencies:
      '@types/node':
        specifier: ^20.11.30
        version: 20.19.39
      happy-dom:
        specifier: ^14.12.3
        version: 14.12.3
      typescript:
        specifier: ^5.6.3
        version: 5.9.3

packages:

  '@ioredis/commands@1.5.1':
    resolution: {integrity: sha512-JH8ZL/ywcJyR9MmJ5BNqZllXNZQqQbnVZOqpPQqE1vHiFgAw4NHbvE0FOduNU8IX9babitBT46571OnPTT0Zcw==}

  '@pixi/colord@2.9.6':
    resolution: {integrity: sha512-nezytU2pw587fQstUu1AsJZDVEynjskwOL+kibwcdxsMBFqPsFFNA7xl0ii/gXuDi6M0xj3mfRJj8pBSc2jCfA==}

  '@pixi/sound@6.0.1':
    resolution: {integrity: sha512-hpFlQSScAR2L/CsEoIvDi7s1oGsu8y9Zd742Vd3982N+q3IF2vFuIfV9HN4ryjlGnhCT8yBlEgs1gp4G9Rt9TA==}
    peerDependencies:
      pixi.js: ^8.0.0

  '@types/earcut@3.0.0':
    resolution: {integrity: sha512-k/9fOUGO39yd2sCjrbAJvGDEQvRwRnQIZlBz43roGwUZo5SHAmyVvSFyaVVZkicRVCaDXPKlbxrUcBuJoSWunQ==}

  '@types/node@20.19.39':
    resolution: {integrity: sha512-orrrD74MBUyK8jOAD/r0+lfa1I2MO6I+vAkmAWzMYbCcgrN4lCrmK52gRFQq/JRxfYPfonkr4b0jcY7Olqdqbw==}

  '@webgpu/types@0.1.69':
    resolution: {integrity: sha512-RPmm6kgRbI8e98zSD3RVACvnuktIja5+yLgDAkTmxLr90BEwdTXRQWNLF3ETTTyH/8mKhznZuN5AveXYFEsMGQ==}

  '@xmldom/xmldom@0.8.13':
    resolution: {integrity: sha512-KRYzxepc14G/CEpEGc3Yn+JKaAeT63smlDr+vjB8jRfgTBBI9wRj/nkQEO+ucV8p8I9bfKLWp37uHgFrbntPvw==}
    engines: {node: '>=10.0.0'}

  ajv-formats@3.0.1:
    resolution: {integrity: sha512-8iUql50EUR+uUcdRQ3HDqa6EVyo3docL8g5WJ3FNcWmu62IbkGUue/pEyLBW8VGKKucTPgqeks4fIU1DA4yowQ==}
    peerDependencies:
      ajv: ^8.0.0
    peerDependenciesMeta:
      ajv:
        optional: true

  ajv@8.18.0:
    resolution: {integrity: sha512-PlXPeEWMXMZ7sPYOHqmDyCJzcfNrUr3fGNKtezX14ykXOEIvyK81d+qydx89KY5O71FKMPaQ2vBfBFI5NHR63A==}

  cluster-key-slot@1.1.2:
    resolution: {integrity: sha512-RMr0FhtfXemyinomL4hrWcYJxmX6deFdCxpJzhDttxgO1+bcCnkk+9drydLVDmAMG7NE6aN/fl4F7ucU/90gAA==}
    engines: {node: '>=0.10.0'}

  debug@4.4.3:
    resolution: {integrity: sha512-RGwwWnwQvkVfavKVt22FGLw+xYSdzARwm0ru6DhTVA3umU5hZc28V3kO4stgYryrTlLpuvgI9GiijltAjNbcqA==}
    engines: {node: '>=6.0'}
    peerDependencies:
      supports-color: '*'
    peerDependenciesMeta:
      supports-color:
        optional: true

  denque@2.1.0:
    resolution: {integrity: sha512-HVQE3AAb/pxF8fQAoiqpvg9i3evqug3hoiwakOyZAwJm+6vZehbkYXZ0l4JxS+I3QxM97v5aaRNhj8v5oBhekw==}
    engines: {node: '>=0.10'}

  earcut@3.0.2:
    resolution: {integrity: sha512-X7hshQbLyMJ/3RPhyObLARM2sNxxmRALLKx1+NVFFnQ9gKzmCrxm9+uLIAdBcvc8FNLpctqlQ2V6AE92Ol9UDQ==}

  entities@4.5.0:
    resolution: {integrity: sha512-V0hjH4dGPh9Ao5p0MoRY6BVqtwCjhz6vI5LT8AJ55H+4g9/4vbHx1I54fS0XuclLhDHArPQCiMjDxjaL8fPxhw==}
    engines: {node: '>=0.12'}

  eventemitter3@5.0.4:
    resolution: {integrity: sha512-mlsTRyGaPBjPedk6Bvw+aqbsXDtoAyAzm5MO7JgU+yVRyMQ5O8bD4Kcci7BS85f93veegeCPkL8R4GLClnjLFw==}

  fast-deep-equal@3.1.3:
    resolution: {integrity: sha512-f3qQ9oQy9j2AhBe/H9VC91wLmKBCCU/gDOnKNAYG5hswO7BLKj09Hc5HYNz9cGI++xlpDCIgDaitVs03ATR84Q==}

  fast-uri@3.1.0:
    resolution: {integrity: sha512-iPeeDKJSWf4IEOasVVrknXpaBV0IApz/gp7S2bb7Z4Lljbl2MGJRqInZiUrQwV16cpzw/D3S5j5Julj/gT52AA==}

  gifuct-js@2.1.2:
    resolution: {integrity: sha512-rI2asw77u0mGgwhV3qA+OEgYqaDn5UNqgs+Bx0FGwSpuqfYn+Ir6RQY5ENNQ8SbIiG/m5gVa7CD5RriO4f4Lsg==}

  happy-dom@14.12.3:
    resolution: {integrity: sha512-vsYlEs3E9gLwA1Hp+w3qzu+RUDFf4VTT8cyKqVICoZ2k7WM++Qyd2LwzyTi5bqMJFiIC/vNpTDYuxdreENRK/g==}
    engines: {node: '>=16.0.0'}

  happy-dom@15.11.7:
    resolution: {integrity: sha512-KyrFvnl+J9US63TEzwoiJOQzZBJY7KgBushJA8X61DMbNsH+2ONkDuLDnCnwUiPTF42tLoEmrPyoqbenVA5zrg==}
    engines: {node: '>=18.0.0'}

  ioredis@5.10.1:
    resolution: {integrity: sha512-HuEDBTI70aYdx1v6U97SbNx9F1+svQKBDo30o0b9fw055LMepzpOOd0Ccg9Q6tbqmBSJaMuY0fB7yw9/vjBYCA==}
    engines: {node: '>=12.22.0'}

  ismobilejs@1.1.1:
    resolution: {integrity: sha512-VaFW53yt8QO61k2WJui0dHf4SlL8lxBofUuUmwBo0ljPk0Drz2TiuDW4jo3wDcv41qy/SxrJ+VAzJ/qYqsmzRw==}

  js-binary-schema-parser@2.0.3:
    resolution: {integrity: sha512-xezGJmOb4lk/M1ZZLTR/jaBHQ4gG/lqQnJqdIv4721DMggsa1bDVlHXNeHYogaIEHD9vCRv0fcL4hMA+Coarkg==}

  json-schema-traverse@1.0.0:
    resolution: {integrity: sha512-NM8/P9n3XjXhIZn1lLhkFaACTOURQXjWhV4BA/RnOv8xvgqtqpAX9IO4mRQxSx1Rlo4tqzeqb0sOlruaOy3dug==}

  lodash.defaults@4.2.0:
    resolution: {integrity: sha512-qjxPLHd3r5DnsdGacqOMU6pb/avJzdh9tFX2ymgoZE27BmjXrNy/y4LoaiTeAb+O3gL8AfpJGtqfX/ae2leYYQ==}

  lodash.isarguments@3.1.0:
    resolution: {integrity: sha512-chi4NHZlZqZD18a0imDHnZPrDeBbTtVN7GXMwuGdRH9qotxAjYs3aVLKc7zNOG9eddR5Ksd8rvFEBc9SsggPpg==}

  ms@2.1.3:
    resolution: {integrity: sha512-6FlzubTLZG3J2a/NVCAleEhjzq5oxgHyaCU9yYXvcLsvoVaHJq/s5xXI6/XXP6tz7R9xAOtHnSO/tXtF3WRTlA==}

  parse-svg-path@0.1.2:
    resolution: {integrity: sha512-JyPSBnkTJ0AI8GGJLfMXvKq42cj5c006fnLz6fXy6zfoVjJizi8BNTpu8on8ziI1cKy9d9DGNuY17Ce7wuejpQ==}

  pixi-live2d-display-advanced@2.0.0-beta.2:
    resolution: {integrity: sha512-Em7hJvn/Izl4I00alIC5yGpaDOf5xs/a5iEzE3uVMeXMdyYGOaLjrXOT4wNqcx2Ly+EzAoZ0yN09qoX1wq9Zdg==}
    deprecated: This prerelease version has moved to 'untitled-pixi-live2d-engine'. Please upgrade.
    peerDependencies:
      '@pixi/sound': ^6.0.1
      pixi.js: ^8.13.1

  pixi.js@8.18.1:
    resolution: {integrity: sha512-6LUPWYgulZhp/w4kam2XHXB0QedISZIqrJbRdHLLQ3csn5a38uzKxAp6B5j6s89QFYaIJbg95kvgTRcbgpO1ow==}

  redis-errors@1.2.0:
    resolution: {integrity: sha512-1qny3OExCf0UvUV/5wpYKf2YwPcOqXzkwKKSmKHiE6ZMQs5heeE/c8eXK+PNllPvmjgAbfnsbpkGZWy8cBpn9w==}
    engines: {node: '>=4'}

  redis-parser@3.0.0:
    resolution: {integrity: sha512-DJnGAeenTdpMEH6uAJRK/uiyEIH9WVsUmoLwzudwGJUwZPp80PDBWPHXSAGNPwNvIXAbe7MSUB1zQFugFml66A==}
    engines: {node: '>=4'}

  require-from-string@2.0.2:
    resolution: {integrity: sha512-Xf0nWe6RseziFMu+Ap9biiUbmplq6S9/p+7w7YXP/JBHhrUDDUhwa+vANyubuqfZWTveU//DYVGsDG7RKL/vEw==}
    engines: {node: '>=0.10.0'}

  standard-as-callback@2.1.0:
    resolution: {integrity: sha512-qoRRSyROncaz1z0mvYqIE4lCd9p2R90i6GxW3uZv5ucSu8tU7B5HXUP1gG8pVZsYNVaXjk8ClXHPttLyxAL48A==}

  tiny-lru@11.4.7:
    resolution: {integrity: sha512-w/Te7uMUVeH0CR8vZIjr+XiN41V+30lkDdK+NRIDCUYKKuL9VcmaUEmaPISuwGhLlrTGh5yu18lENtR9axSxYw==}
    engines: {node: '>=12'}

  typescript@5.9.3:
    resolution: {integrity: sha512-jl1vZzPDinLr9eUt3J/t7V6FgNEw9QjvBPdysz9KfQDD41fQrC2Y4vKQdiaUpFT4bXlb1RHhLpp8wtm6M5TgSw==}
    engines: {node: '>=14.17'}
    hasBin: true

  undici-types@6.21.0:
    resolution: {integrity: sha512-iwDZqg0QAGrg9Rav5H4n0M64c3mkR59cJ6wQp+7C4nI0gsmExaedaYLNO44eT4AtBBwjbTiGPMlt2Md0T9H9JQ==}

  webidl-conversions@7.0.0:
    resolution: {integrity: sha512-VwddBukDzu71offAQR975unBIGqfKZpM+8ZX6ySk8nYhVoo5CYaZyzt3YBvYtRtO+aoGlqxPg/B87NGVZ/fu6g==}
    engines: {node: '>=12'}

  whatwg-mimetype@3.0.0:
    resolution: {integrity: sha512-nt+N2dzIutVRxARx1nghPKGv1xHikU7HKdfafKkLNLindmPU/ch3U31NOCGGA/dmPcmb1VlofO0vnKAcsm0o/Q==}
    engines: {node: '>=12'}

snapshots:

  '@ioredis/commands@1.5.1': {}

  '@pixi/colord@2.9.6': {}

  '@pixi/sound@6.0.1(pixi.js@8.18.1)':
    dependencies:
      pixi.js: 8.18.1

  '@types/earcut@3.0.0': {}

  '@types/node@20.19.39':
    dependencies:
      undici-types: 6.21.0

  '@webgpu/types@0.1.69': {}

  '@xmldom/xmldom@0.8.13': {}

  ajv-formats@3.0.1(ajv@8.18.0):
    optionalDependencies:
      ajv: 8.18.0

  ajv@8.18.0:
    dependencies:
      fast-deep-equal: 3.1.3
      fast-uri: 3.1.0
      json-schema-traverse: 1.0.0
      require-from-string: 2.0.2

  cluster-key-slot@1.1.2: {}

  debug@4.4.3:
    dependencies:
      ms: 2.1.3

  denque@2.1.0: {}

  earcut@3.0.2: {}

  entities@4.5.0: {}

  eventemitter3@5.0.4: {}

  fast-deep-equal@3.1.3: {}

  fast-uri@3.1.0: {}

  gifuct-js@2.1.2:
    dependencies:
      js-binary-schema-parser: 2.0.3

  happy-dom@14.12.3:
    dependencies:
      entities: 4.5.0
      webidl-conversions: 7.0.0
      whatwg-mimetype: 3.0.0

  happy-dom@15.11.7:
    dependencies:
      entities: 4.5.0
      webidl-conversions: 7.0.0
      whatwg-mimetype: 3.0.0

  ioredis@5.10.1:
    dependencies:
      '@ioredis/commands': 1.5.1
      cluster-key-slot: 1.1.2
      debug: 4.4.3
      denque: 2.1.0
      lodash.defaults: 4.2.0
      lodash.isarguments: 3.1.0
      redis-errors: 1.2.0
      redis-parser: 3.0.0
      standard-as-callback: 2.1.0
    transitivePeerDependencies:
      - supports-color

  ismobilejs@1.1.1: {}

  js-binary-schema-parser@2.0.3: {}

  json-schema-traverse@1.0.0: {}

  lodash.defaults@4.2.0: {}

  lodash.isarguments@3.1.0: {}

  ms@2.1.3: {}

  parse-svg-path@0.1.2: {}

  pixi-live2d-display-advanced@2.0.0-beta.2(@pixi/sound@6.0.1(pixi.js@8.18.1))(pixi.js@8.18.1):
    dependencies:
      '@pixi/sound': 6.0.1(pixi.js@8.18.1)
      pixi.js: 8.18.1

  pixi.js@8.18.1:
    dependencies:
      '@pixi/colord': 2.9.6
      '@types/earcut': 3.0.0
      '@webgpu/types': 0.1.69
      '@xmldom/xmldom': 0.8.13
      earcut: 3.0.2
      eventemitter3: 5.0.4
      gifuct-js: 2.1.2
      ismobilejs: 1.1.1
      parse-svg-path: 0.1.2
      tiny-lru: 11.4.7

  redis-errors@1.2.0: {}

  redis-parser@3.0.0:
    dependencies:
      redis-errors: 1.2.0

  require-from-string@2.0.2: {}

  standard-as-callback@2.1.0: {}

  tiny-lru@11.4.7: {}

  typescript@5.9.3: {}

  undici-types@6.21.0: {}

  webidl-conversions@7.0.0: {}

  whatwg-mimetype@3.0.0: {}
